
Microsoft Visual Studio Solution File, Format Version 12.00
# Visual Studio 15
VisualStudioVersion = 15.0.27428.2011
MinimumVisualStudioVersion = 10.0.40219.1
Project("{FAE04EC0-301F-11D3-BF4B-00C04F79EFBC}") = "OpenMLTD.Piyopiyo", "OpenMLTD.Piyopiyo\OpenMLTD.Piyopiyo.csproj", "{84A82E83-D04F-49B4-AD55-C6F4CC800F05}"
EndProject
Project("{FAE04EC0-301F-11D3-BF4B-00C04F79EFBC}") = "EditorTest", "EditorTest\EditorTest.csproj", "{4F9F5553-267F-4C0A-AE3B-577A0DB431B0}"
EndProject
Global
	GlobalSection(SolutionConfigurationPlatforms) = preSolution
		Debug|Any CPU = Debug|Any CPU
		Release|Any CPU = Release|Any CPU
	EndGlobalSection
	GlobalSection(ProjectConfigurationPlatforms) = postSolution
		{84A82E83-D04F-49B4-AD55-C6F4CC800F05}.Debug|Any CPU.ActiveCfg = Debug|Any CPU
		{84A82E83-D04F-49B4-AD55-C6F4CC800F05}.Debug|Any CPU.Build.0 = Debug|Any CPU
		{84A82E83-D04F-49B4-AD55-C6F4CC800F05}.Release|Any CPU.ActiveCfg = Release|Any CPU
		{84A82E83-D04F-49B4-AD55-C6F4CC800F05}.Release|Any CPU.Build.0 = Release|Any CPU
		{4F9F5553-267F-4C0A-AE3B-577A0DB431B0}.Debug|Any CPU.ActiveCfg = Debug|Any CPU
		{4F9F5553-267F-4C0A-AE3B-577A0DB431B0}.Debug|Any CPU.Build.0 = Debug|Any CPU
		{4F9F5553-267F-4C0A-AE3B-577A0DB431B0}.Release|Any CPU.ActiveCfg = Release|Any CPU
		{4F9F5553-267F-4C0A-AE3B-577A0DB431B0}.Release|Any CPU.Build.0 = Release|Any CPU
	EndGlobalSection
	GlobalSection(SolutionProperties) = preSolution
		HideSolutionNode = FALSE
	EndGlobalSection
	GlobalSection(ExtensibilityGlobals) = postSolution
		SolutionGuid = {F74C55CB-3AE5-44BA-9710-53E44F90A1AC}
	EndGlobalSection
EndGlobal
